{
  "lockfile_version": 1,
  "os": "Windows 10 x64 (build 19045)",
  "r_version": "R version 4.4.2 (2024-10-31 ucrt)",
  "platform": "x86_64-w64-mingw32",
  "packages": [
    {
      "ref": "deps::.",
      "package": "MortalMove-deps",
      "version": "0.1.0",
      "type": "deps",
      "direct": true,
      "binary": false,
      "dependencies": ["cmdstanr", "FNN"],
      "vignettes": false,
      "metadata": {
        "RemotePkgRef": "deps::.",
        "RemoteType": "deps"
      },
      "sources": [],
      "target": "src/contrib/MortalMove-deps_0.1.0.tar.gz",
      "platform": "source",
      "rversion": "*",
      "directpkg": true,
      "license": "MIT + file LICENSE",
      "dep_types": ["Depends", "Imports", "LinkingTo"],
      "params": [],
      "install_args": "--no-multiarch",
      "sysreqs": ""
    },
    {
      "ref": "FNN",
      "package": "FNN",
      "version": "1.1.4.1",
      "type": "standard",
      "direct": false,
      "binary": true,
      "dependencies": [],
      "vignettes": false,
      "needscompilation": true,
      "metadata": {
        "RemoteType": "standard",
        "RemotePkgRef": "FNN",
        "RemoteRef": "FNN",
        "RemoteRepos": "https://packagemanager.posit.co/cran/latest",
        "RemotePkgPlatform": "i386+x86_64-w64-mingw32",
        "RemoteSha": "1.1.4.1"
      },
      "sources": ["https://packagemanager.posit.co/cran/latest/bin/windows/contrib/4.4/FNN_1.1.4.1.zip"],
      "target": "bin/windows/contrib/4.4/FNN_1.1.4.1.zip",
      "platform": "i386+x86_64-w64-mingw32",
      "rversion": "4.4",
      "built": "R 4.4.1; x86_64-w64-mingw32; 2024-09-22 23:50:39 UTC; windows",
      "directpkg": false,
      "license": "GPL (>= 2)",
      "sha256": "f0c5261026c503726e651530884011bd8297c243046ca2d534a4d82a8aeb2c54",
      "filesize": 434600,
      "dep_types": ["Depends", "Imports", "LinkingTo"],
      "params": [],
      "install_args": "",
      "repotype": "cran",
      "sysreqs": ""
    },
    {
      "ref": "stan-dev/cmdstanr",
      "package": "cmdstanr",
      "version": "0.9.0.9000",
      "type": "github",
      "direct": false,
      "binary": false,
      "dependencies": ["checkmate", "data.table", "jsonlite", "posterior", "processx", "R6", "withr", "rlang"],
      "vignettes": false,
      "needscompilation": true,
      "metadata": {
        "RemoteType": "github",
        "RemoteHost": "api.github.com",
        "RemoteRepo": "cmdstanr",
        "RemoteUsername": "stan-dev",
        "RemotePkgRef": "stan-dev/cmdstanr",
        "RemoteRef": "HEAD",
        "RemoteSha": "5f2a8c850890e54e6fccc8108e5a31cb08010ab8",
        "GithubRepo": "cmdstanr",
        "GithubUsername": "stan-dev",
        "GithubRef": "HEAD",
        "GithubSHA1": "5f2a8c850890e54e6fccc8108e5a31cb08010ab8"
      },
      "sources": ["https://api.github.com/repos/stan-dev/cmdstanr/zipball/5f2a8c850890e54e6fccc8108e5a31cb08010ab8"],
      "target": "src/contrib/cmdstanr_0.9.0.9000_5f2a8c8.tar.gz",
      "platform": "source",
      "rversion": "*",
      "directpkg": false,
      "license": "BSD_3_clause + file LICENSE",
      "dep_types": ["Depends", "Imports", "LinkingTo"],
      "params": [],
      "install_args": "--no-multiarch",
      "sysreqs": "CmdStan (https://mc-stan.org/users/interfaces/cmdstan)"
    },
    {
      "ref": "abind",
      "package": "abind",
      "version": "1.4-8",
      "type": "standard",
      "direct": false,
      "binary": true,
      "dependencies": [],
      "vignettes": false,
      "needscompilation": false,
      "metadata": {
        "RemoteType": "standard",
        "RemotePkgRef": "abind",
        "RemoteRef": "abind",
        "RemoteRepos": "https://packagemanager.posit.co/cran/latest",
        "RemotePkgPlatform": "i386+x86_64-w64-mingw32",
        "RemoteSha": "1.4-8"
      },
      "sources": ["https://packagemanager.posit.co/cran/latest/bin/windows/contrib/4.4/abind_1.4-8.zip"],
      "target": "bin/windows/contrib/4.4/abind_1.4-8.zip",
      "platform": "i386+x86_64-w64-mingw32",
      "rversion": "4.4",
      "built": "R 4.4.1; ; 2024-09-18 23:52:21 UTC; windows",
      "directpkg": false,
      "license": "MIT + file LICENSE",
      "sha256": "331f3e39d0a84a6504cc5effbb51bc43c3bf69ffd41f25da58127e1f8cca124c",
      "filesize": 67211,
      "dep_types": ["Depends", "Imports", "LinkingTo"],
      "params": [],
      "install_args": "",
      "repotype": "cran",
      "sysreqs": ""
    },
    {
      "ref": "backports",
      "package": "backports",
      "version": "1.5.0",
      "type": "standard",
      "direct": false,
      "binary": true,
      "dependencies": [],
      "vignettes": false,
      "needscompilation": true,
      "metadata": {
        "RemoteType": "standard",
        "RemotePkgRef": "backports",
        "RemoteRef": "backports",
        "RemoteRepos": "https://packagemanager.posit.co/cran/latest",
        "RemotePkgPlatform": "i386+x86_64-w64-mingw32",
        "RemoteSha": "1.5.0"
      },
      "sources": ["https://packagemanager.posit.co/cran/latest/bin/windows/contrib/4.4/backports_1.5.0.zip"],
      "target": "bin/windows/contrib/4.4/backports_1.5.0.zip",
      "platform": "i386+x86_64-w64-mingw32",
      "rversion": "4.4",
      "built": "R 4.4.0; x86_64-w64-mingw32; 2024-05-24 23:50:37 UTC; windows",
      "directpkg": false,
      "license": "GPL-2 | GPL-3",
      "sha256": "d8b4c67fd0960ea46ae96a4a63adb1a24c44b537e7c673ebfa539f294c941f6f",
      "filesize": 122682,
      "dep_types": ["Depends", "Imports", "LinkingTo"],
      "params": [],
      "install_args": "",
      "repotype": "cran",
      "sysreqs": ""
    },
    {
      "ref": "checkmate",
      "package": "checkmate",
      "version": "2.3.2",
      "type": "standard",
      "direct": false,
      "binary": true,
      "dependencies": ["backports"],
      "vignettes": false,
      "needscompilation": true,
      "metadata": {
        "RemoteType": "standard",
        "RemotePkgRef": "checkmate",
        "RemoteRef": "checkmate",
        "RemoteRepos": "https://packagemanager.posit.co/cran/latest",
        "RemotePkgPlatform": "i386+x86_64-w64-mingw32",
        "RemoteSha": "2.3.2"
      },
      "sources": ["https://packagemanager.posit.co/cran/latest/bin/windows/contrib/4.4/checkmate_2.3.2.zip"],
      "target": "bin/windows/contrib/4.4/checkmate_2.3.2.zip",
      "platform": "i386+x86_64-w64-mingw32",
      "rversion": "4.4",
      "built": "R 4.4.1; x86_64-w64-mingw32; 2024-09-23 00:26:36 UTC; windows",
      "directpkg": false,
      "license": "BSD_3_clause + file LICENSE",
      "sha256": "9f967cd335d4c5cba415f6a23e474d16dac47623c9d0ff75322d6211f05fdbaa",
      "filesize": 748616,
      "dep_types": ["Depends", "Imports", "LinkingTo"],
      "params": [],
      "install_args": "",
      "repotype": "cran",
      "sysreqs": ""
    },
    {
      "ref": "cli",
      "package": "cli",
      "version": "3.6.5",
      "type": "standard",
      "direct": false,
      "binary": true,
      "dependencies": [],
      "vignettes": false,
      "needscompilation": true,
      "metadata": {
        "RemoteType": "standard",
        "RemotePkgRef": "cli",
        "RemoteRef": "cli",
        "RemoteRepos": "https://packagemanager.posit.co/cran/latest",
        "RemotePkgPlatform": "i386+x86_64-w64-mingw32",
        "RemoteSha": "3.6.5"
      },
      "sources": ["https://packagemanager.posit.co/cran/latest/bin/windows/contrib/4.4/cli_3.6.5.zip"],
      "target": "bin/windows/contrib/4.4/cli_3.6.5.zip",
      "platform": "i386+x86_64-w64-mingw32",
      "rversion": "4.4",
      "built": "R 4.4.3; x86_64-w64-mingw32; 2025-04-24 23:50:59 UTC; windows",
      "directpkg": false,
      "license": "MIT + file LICENSE",
      "sha256": "8194958d5bbdbc5a99ea51a7f925081f0811ddc6ecc84ed6d85f2a4fcbbdfa71",
      "filesize": 1402483,
      "dep_types": ["Depends", "Imports", "LinkingTo"],
      "params": [],
      "install_args": "",
      "repotype": "cran",
      "sysreqs": ""
    },
    {
      "ref": "data.table",
      "package": "data.table",
      "version": "1.17.6",
      "type": "standard",
      "direct": false,
      "binary": true,
      "dependencies": [],
      "vignettes": false,
      "needscompilation": true,
      "metadata": {
        "RemoteType": "standard",
        "RemotePkgRef": "data.table",
        "RemoteRef": "data.table",
        "RemoteRepos": "https://packagemanager.posit.co/cran/latest",
        "RemotePkgPlatform": "i386+x86_64-w64-mingw32",
        "RemoteSha": "1.17.6"
      },
      "sources": ["https://packagemanager.posit.co/cran/latest/bin/windows/contrib/4.4/data.table_1.17.6.zip"],
      "target": "bin/windows/contrib/4.4/data.table_1.17.6.zip",
      "platform": "i386+x86_64-w64-mingw32",
      "rversion": "4.4",
      "built": "R 4.4.3; x86_64-w64-mingw32; 2025-06-17 23:50:54 UTC; windows",
      "directpkg": false,
      "license": "MPL-2.0 | file LICENSE",
      "sha256": "799146b4c28021f933428d18d64d6fa6e9685ef1c850a31e640b44e338f7e45a",
      "filesize": 2919055,
      "dep_types": ["Depends", "Imports", "LinkingTo"],
      "params": [],
      "install_args": "",
      "repotype": "cran",
      "sysreqs": ""
    },
    {
      "ref": "distributional",
      "package": "distributional",
      "version": "0.5.0",
      "type": "standard",
      "direct": false,
      "binary": true,
      "dependencies": ["generics", "lifecycle", "numDeriv", "pillar", "rlang", "vctrs"],
      "vignettes": false,
      "needscompilation": false,
      "metadata": {
        "RemoteType": "standard",
        "RemotePkgRef": "distributional",
        "RemoteRef": "distributional",
        "RemoteRepos": "https://packagemanager.posit.co/cran/latest",
        "RemotePkgPlatform": "i386+x86_64-w64-mingw32",
        "RemoteSha": "0.5.0"
      },
      "sources": ["https://packagemanager.posit.co/cran/latest/bin/windows/contrib/4.4/distributional_0.5.0.zip"],
      "target": "bin/windows/contrib/4.4/distributional_0.5.0.zip",
      "platform": "i386+x86_64-w64-mingw32",
      "rversion": "4.4",
      "built": "R 4.4.1; ; 2024-09-23 01:42:13 UTC; windows",
      "directpkg": false,
      "license": "GPL-3",
      "sha256": "75abdece915c91100269ee25cfa94e5ebcfbc86a82e7feaae7eaa6027182aae2",
      "filesize": 484092,
      "dep_types": ["Depends", "Imports", "LinkingTo"],
      "params": [],
      "install_args": "",
      "repotype": "cran",
      "sysreqs": ""
    },
    {
      "ref": "generics",
      "package": "generics",
      "version": "0.1.4",
      "type": "standard",
      "direct": false,
      "binary": true,
      "dependencies": [],
      "vignettes": false,
      "needscompilation": false,
      "metadata": {
        "RemoteType": "standard",
        "RemotePkgRef": "generics",
        "RemoteRef": "generics",
        "RemoteRepos": "https://packagemanager.posit.co/cran/latest",
        "RemotePkgPlatform": "i386+x86_64-w64-mingw32",
        "RemoteSha": "0.1.4"
      },
      "sources": ["https://packagemanager.posit.co/cran/latest/bin/windows/contrib/4.4/generics_0.1.4.zip"],
      "target": "bin/windows/contrib/4.4/generics_0.1.4.zip",
      "platform": "i386+x86_64-w64-mingw32",
      "rversion": "4.4",
      "built": "R 4.4.3; ; 2025-05-23 23:54:28 UTC; windows",
      "directpkg": false,
      "license": "MIT + file LICENSE",
      "sha256": "4c997e203a37b6367ce919d47942e88c02a1f8d394cfd95a73037ada2f021071",
      "filesize": 85143,
      "dep_types": ["Depends", "Imports", "LinkingTo"],
      "params": [],
      "install_args": "",
      "repotype": "cran",
      "sysreqs": ""
    },
    {
      "ref": "glue",
      "package": "glue",
      "version": "1.8.0",
      "type": "standard",
      "direct": false,
      "binary": true,
      "dependencies": [],
      "vignettes": false,
      "needscompilation": true,
      "metadata": {
        "RemoteType": "standard",
        "RemotePkgRef": "glue",
        "RemoteRef": "glue",
        "RemoteRepos": "https://packagemanager.posit.co/cran/latest",
        "RemotePkgPlatform": "i386+x86_64-w64-mingw32",
        "RemoteSha": "1.8.0"
      },
      "sources": ["https://packagemanager.posit.co/cran/latest/bin/windows/contrib/4.4/glue_1.8.0.zip"],
      "target": "bin/windows/contrib/4.4/glue_1.8.0.zip",
      "platform": "i386+x86_64-w64-mingw32",
      "rversion": "4.4",
      "built": "R 4.4.1; x86_64-w64-mingw32; 2024-10-02 23:51:14 UTC; windows",
      "directpkg": false,
      "license": "MIT + file LICENSE",
      "sha256": "251698720e76f6f3cf5a1fcf9c0d9dd5023caadb2001983c31831e27dcba0104",
      "filesize": 183779,
      "dep_types": ["Depends", "Imports", "LinkingTo"],
      "params": [],
      "install_args": "",
      "repotype": "cran",
      "sysreqs": ""
    },
    {
      "ref": "jsonlite",
      "package": "jsonlite",
      "version": "2.0.0",
      "type": "standard",
      "direct": false,
      "binary": true,
      "dependencies": [],
      "vignettes": false,
      "needscompilation": true,
      "metadata": {
        "RemoteType": "standard",
        "RemotePkgRef": "jsonlite",
        "RemoteRef": "jsonlite",
        "RemoteRepos": "https://packagemanager.posit.co/cran/latest",
        "RemotePkgPlatform": "i386+x86_64-w64-mingw32",
        "RemoteSha": "2.0.0"
      },
      "sources": ["https://packagemanager.posit.co/cran/latest/bin/windows/contrib/4.4/jsonlite_2.0.0.zip"],
      "target": "bin/windows/contrib/4.4/jsonlite_2.0.0.zip",
      "platform": "i386+x86_64-w64-mingw32",
      "rversion": "4.4",
      "built": "R 4.4.3; x86_64-w64-mingw32; 2025-03-28 00:50:49 UTC; windows",
      "directpkg": false,
      "license": "MIT + file LICENSE",
      "sha256": "e7cc04d3eb7bf8f99521bc5e18eb80915ad4bb13f554cfe3101f607152681e5c",
      "filesize": 1109698,
      "dep_types": ["Depends", "Imports", "LinkingTo"],
      "params": [],
      "install_args": "",
      "repotype": "cran",
      "sysreqs": ""
    },
    {
      "ref": "lifecycle",
      "package": "lifecycle",
      "version": "1.0.4",
      "type": "standard",
      "direct": false,
      "binary": true,
      "dependencies": ["cli", "glue", "rlang"],
      "vignettes": false,
      "needscompilation": false,
      "metadata": {
        "RemoteType": "standard",
        "RemotePkgRef": "lifecycle",
        "RemoteRef": "lifecycle",
        "RemoteRepos": "https://packagemanager.posit.co/cran/latest",
        "RemotePkgPlatform": "i386+x86_64-w64-mingw32",
        "RemoteSha": "1.0.4"
      },
      "sources": ["https://packagemanager.posit.co/cran/latest/bin/windows/contrib/4.4/lifecycle_1.0.4.zip"],
      "target": "bin/windows/contrib/4.4/lifecycle_1.0.4.zip",
      "platform": "i386+x86_64-w64-mingw32",
      "rversion": "4.4",
      "built": "R 4.4.0; ; 2024-04-01 01:15:59 UTC; windows",
      "directpkg": false,
      "license": "MIT + file LICENSE",
      "sha256": "78f72f8fefe9002f58fdcf4e4e2cd9151dbe6d9d9ede3e6184c8e1b5233bcd79",
      "filesize": 140926,
      "dep_types": ["Depends", "Imports", "LinkingTo"],
      "params": [],
      "install_args": "",
      "repotype": "cran",
      "sysreqs": ""
    },
    {
      "ref": "magrittr",
      "package": "magrittr",
      "version": "2.0.3",
      "type": "standard",
      "direct": false,
      "binary": true,
      "dependencies": [],
      "vignettes": false,
      "needscompilation": true,
      "metadata": {
        "RemoteType": "standard",
        "RemotePkgRef": "magrittr",
        "RemoteRef": "magrittr",
        "RemoteRepos": "https://packagemanager.posit.co/cran/latest",
        "RemotePkgPlatform": "i386+x86_64-w64-mingw32",
        "RemoteSha": "2.0.3"
      },
      "sources": ["https://packagemanager.posit.co/cran/latest/bin/windows/contrib/4.4/magrittr_2.0.3.zip"],
      "target": "bin/windows/contrib/4.4/magrittr_2.0.3.zip",
      "platform": "i386+x86_64-w64-mingw32",
      "rversion": "4.4",
      "built": "R 4.4.0; x86_64-w64-mingw32; 2024-04-01 00:40:25 UTC; windows",
      "directpkg": false,
      "license": "MIT + file LICENSE",
      "sha256": "a234d3c7a11d31bce34edbbdfd1824eaf32d5d95e87480483954047eb427f20e",
      "filesize": 229418,
      "dep_types": ["Depends", "Imports", "LinkingTo"],
      "params": [],
      "install_args": "",
      "repotype": "cran",
      "sysreqs": ""
    },
    {
      "ref": "matrixStats",
      "package": "matrixStats",
      "version": "1.5.0",
      "type": "standard",
      "direct": false,
      "binary": true,
      "dependencies": [],
      "vignettes": false,
      "needscompilation": true,
      "metadata": {
        "RemoteType": "standard",
        "RemotePkgRef": "matrixStats",
        "RemoteRef": "matrixStats",
        "RemoteRepos": "https://packagemanager.posit.co/cran/latest",
        "RemotePkgPlatform": "i386+x86_64-w64-mingw32",
        "RemoteSha": "1.5.0"
      },
      "sources": ["https://packagemanager.posit.co/cran/latest/bin/windows/contrib/4.4/matrixStats_1.5.0.zip"],
      "target": "bin/windows/contrib/4.4/matrixStats_1.5.0.zip",
      "platform": "i386+x86_64-w64-mingw32",
      "rversion": "4.4",
      "built": "R 4.4.2; x86_64-w64-mingw32; 2025-01-09 00:51:25 UTC; windows",
      "directpkg": false,
      "license": "Artistic-2.0",
      "sha256": "5e231420fd26ccd740a2834180294d116b13279aeccada15f546f5af4470b05e",
      "filesize": 540829,
      "dep_types": ["Depends", "Imports", "LinkingTo"],
      "params": [],
      "install_args": "",
      "repotype": "cran",
      "sysreqs": ""
    },
    {
      "ref": "numDeriv",
      "package": "numDeriv",
      "version": "2016.8-1.1",
      "type": "standard",
      "direct": false,
      "binary": true,
      "dependencies": [],
      "vignettes": false,
      "needscompilation": false,
      "metadata": {
        "RemoteType": "standard",
        "RemotePkgRef": "numDeriv",
        "RemoteRef": "numDeriv",
        "RemoteRepos": "https://packagemanager.posit.co/cran/latest",
        "RemotePkgPlatform": "i386+x86_64-w64-mingw32",
        "RemoteSha": "2016.8-1.1"
      },
      "sources": ["https://packagemanager.posit.co/cran/latest/bin/windows/contrib/4.4/numDeriv_2016.8-1.1.zip"],
      "target": "bin/windows/contrib/4.4/numDeriv_2016.8-1.1.zip",
      "platform": "i386+x86_64-w64-mingw32",
      "rversion": "4.4",
      "built": "R 4.4.0; ; 2024-03-30 01:20:52 UTC; windows",
      "directpkg": false,
      "license": "GPL-2",
      "sha256": "aef5639e81374f11488a335b2f9ef792630f9233cecaa21d3b4b5cb1d2f56a3f",
      "filesize": 117333,
      "dep_types": ["Depends", "Imports", "LinkingTo"],
      "params": [],
      "install_args": "",
      "repotype": "cran",
      "sysreqs": ""
    },
    {
      "ref": "pillar",
      "package": "pillar",
      "version": "1.10.2",
      "type": "standard",
      "direct": false,
      "binary": true,
      "dependencies": ["cli", "glue", "lifecycle", "rlang", "utf8", "vctrs"],
      "vignettes": false,
      "needscompilation": false,
      "metadata": {
        "RemoteType": "standard",
        "RemotePkgRef": "pillar",
        "RemoteRef": "pillar",
        "RemoteRepos": "https://packagemanager.posit.co/cran/latest",
        "RemotePkgPlatform": "i386+x86_64-w64-mingw32",
        "RemoteSha": "1.10.2"
      },
      "sources": ["https://packagemanager.posit.co/cran/latest/bin/windows/contrib/4.4/pillar_1.10.2.zip"],
      "target": "bin/windows/contrib/4.4/pillar_1.10.2.zip",
      "platform": "i386+x86_64-w64-mingw32",
      "rversion": "4.4",
      "built": "R 4.4.3; ; 2025-04-06 23:50:50 UTC; windows",
      "directpkg": false,
      "license": "MIT + file LICENSE",
      "sha256": "722d801b0617ab9cbffea9eb2ec9e4f781fe06695f631ddd096a3e76b594c0bc",
      "filesize": 672160,
      "dep_types": ["Depends", "Imports", "LinkingTo"],
      "params": [],
      "install_args": "",
      "repotype": "cran",
      "sysreqs": ""
    },
    {
      "ref": "pkgconfig",
      "package": "pkgconfig",
      "version": "2.0.3",
      "type": "standard",
      "direct": false,
      "binary": true,
      "dependencies": [],
      "vignettes": false,
      "needscompilation": false,
      "metadata": {
        "RemoteType": "standard",
        "RemotePkgRef": "pkgconfig",
        "RemoteRef": "pkgconfig",
        "RemoteRepos": "https://packagemanager.posit.co/cran/latest",
        "RemotePkgPlatform": "i386+x86_64-w64-mingw32",
        "RemoteSha": "2.0.3"
      },
      "sources": ["https://packagemanager.posit.co/cran/latest/bin/windows/contrib/4.4/pkgconfig_2.0.3.zip"],
      "target": "bin/windows/contrib/4.4/pkgconfig_2.0.3.zip",
      "platform": "i386+x86_64-w64-mingw32",
      "rversion": "4.4",
      "built": "R 4.4.0; ; 2024-04-01 00:40:26 UTC; windows",
      "directpkg": false,
      "license": "MIT + file LICENSE",
      "sha256": "c03b729d63dcd1c97d27d2a9e7a2f4298af6af6b3677cfda55023a7b30e89a03",
      "filesize": 22814,
      "dep_types": ["Depends", "Imports", "LinkingTo"],
      "params": [],
      "install_args": "",
      "repotype": "cran",
      "sysreqs": ""
    },
    {
      "ref": "posterior",
      "package": "posterior",
      "version": "1.6.1",
      "type": "standard",
      "direct": false,
      "binary": true,
      "dependencies": ["abind", "checkmate", "distributional", "matrixStats", "pillar", "rlang", "tensorA", "tibble", "vctrs"],
      "vignettes": false,
      "needscompilation": false,
      "metadata": {
        "RemoteType": "standard",
        "RemotePkgRef": "posterior",
        "RemoteRef": "posterior",
        "RemoteRepos": "https://packagemanager.posit.co/cran/latest",
        "RemotePkgPlatform": "i386+x86_64-w64-mingw32",
        "RemoteSha": "1.6.1"
      },
      "sources": ["https://packagemanager.posit.co/cran/latest/bin/windows/contrib/4.4/posterior_1.6.1.zip"],
      "target": "bin/windows/contrib/4.4/posterior_1.6.1.zip",
      "platform": "i386+x86_64-w64-mingw32",
      "rversion": "4.4",
      "built": "R 4.4.2; ; 2025-03-02 00:51:09 UTC; windows",
      "directpkg": false,
      "license": "BSD_3_clause + file LICENSE",
      "sha256": "91477cb26ec3033f24d1d588ecd9010c21be8b3ec5e3991dbb38eed572386740",
      "filesize": 1041406,
      "dep_types": ["Depends", "Imports", "LinkingTo"],
      "params": [],
      "install_args": "",
      "repotype": "cran",
      "sysreqs": ""
    },
    {
      "ref": "processx",
      "package": "processx",
      "version": "3.8.6",
      "type": "standard",
      "direct": false,
      "binary": true,
      "dependencies": ["ps", "R6"],
      "vignettes": false,
      "needscompilation": true,
      "metadata": {
        "RemoteType": "standard",
        "RemotePkgRef": "processx",
        "RemoteRef": "processx",
        "RemoteRepos": "https://packagemanager.posit.co/cran/latest",
        "RemotePkgPlatform": "i386+x86_64-w64-mingw32",
        "RemoteSha": "3.8.6"
      },
      "sources": ["https://packagemanager.posit.co/cran/latest/bin/windows/contrib/4.4/processx_3.8.6.zip"],
      "target": "bin/windows/contrib/4.4/processx_3.8.6.zip",
      "platform": "i386+x86_64-w64-mingw32",
      "rversion": "4.4",
      "built": "R 4.4.2; x86_64-w64-mingw32; 2025-02-25 00:51:19 UTC; windows",
      "directpkg": false,
      "license": "MIT + file LICENSE",
      "sha256": "5570997a1ca15cbbff537bf0c69ce3e032080c6a6a395c0b94681fd9a4ce3edf",
      "filesize": 699346,
      "dep_types": ["Depends", "Imports", "LinkingTo"],
      "params": [],
      "install_args": "",
      "repotype": "cran",
      "sysreqs": ""
    },
    {
      "ref": "ps",
      "package": "ps",
      "version": "1.9.1",
      "type": "standard",
      "direct": false,
      "binary": true,
      "dependencies": [],
      "vignettes": false,
      "needscompilation": true,
      "metadata": {
        "RemoteType": "standard",
        "RemotePkgRef": "ps",
        "RemoteRef": "ps",
        "RemoteRepos": "https://packagemanager.posit.co/cran/latest",
        "RemotePkgPlatform": "i386+x86_64-w64-mingw32",
        "RemoteSha": "1.9.1"
      },
      "sources": ["https://packagemanager.posit.co/cran/latest/bin/windows/contrib/4.4/ps_1.9.1.zip"],
      "target": "bin/windows/contrib/4.4/ps_1.9.1.zip",
      "platform": "i386+x86_64-w64-mingw32",
      "rversion": "4.4",
      "built": "R 4.4.3; x86_64-w64-mingw32; 2025-04-13 23:50:58 UTC; windows",
      "directpkg": false,
      "license": "MIT + file LICENSE",
      "sha256": "36e6123668c46515dff4a4e6f4c78d1ac254f673f7a3d74c3de5144ddc804ffb",
      "filesize": 658754,
      "dep_types": ["Depends", "Imports", "LinkingTo"],
      "params": [],
      "install_args": "",
      "repotype": "cran",
      "sysreqs": ""
    },
    {
      "ref": "R6",
      "package": "R6",
      "version": "2.6.1",
      "type": "standard",
      "direct": false,
      "binary": true,
      "dependencies": [],
      "vignettes": false,
      "needscompilation": false,
      "metadata": {
        "RemoteType": "standard",
        "RemotePkgRef": "R6",
        "RemoteRef": "R6",
        "RemoteRepos": "https://packagemanager.posit.co/cran/latest",
        "RemotePkgPlatform": "i386+x86_64-w64-mingw32",
        "RemoteSha": "2.6.1"
      },
      "sources": ["https://packagemanager.posit.co/cran/latest/bin/windows/contrib/4.4/R6_2.6.1.zip"],
      "target": "bin/windows/contrib/4.4/R6_2.6.1.zip",
      "platform": "i386+x86_64-w64-mingw32",
      "rversion": "4.4",
      "built": "R 4.4.2; ; 2025-02-16 00:57:39 UTC; windows",
      "directpkg": false,
      "license": "MIT + file LICENSE",
      "sha256": "e4240beb52debcd065812fe9c8f969dc988080b9ba9a0268f2304b5411542fe1",
      "filesize": 88640,
      "dep_types": ["Depends", "Imports", "LinkingTo"],
      "params": [],
      "install_args": "",
      "repotype": "cran",
      "sysreqs": ""
    },
    {
      "ref": "rlang",
      "package": "rlang",
      "version": "1.1.6",
      "type": "standard",
      "direct": false,
      "binary": true,
      "dependencies": [],
      "vignettes": false,
      "needscompilation": true,
      "metadata": {
        "RemoteType": "standard",
        "RemotePkgRef": "rlang",
        "RemoteRef": "rlang",
        "RemoteRepos": "https://packagemanager.posit.co/cran/latest",
        "RemotePkgPlatform": "i386+x86_64-w64-mingw32",
        "RemoteSha": "1.1.6"
      },
      "sources": ["https://packagemanager.posit.co/cran/latest/bin/windows/contrib/4.4/rlang_1.1.6.zip"],
      "target": "bin/windows/contrib/4.4/rlang_1.1.6.zip",
      "platform": "i386+x86_64-w64-mingw32",
      "rversion": "4.4",
      "built": "R 4.4.3; x86_64-w64-mingw32; 2025-04-11 23:50:51 UTC; windows",
      "directpkg": false,
      "license": "MIT + file LICENSE",
      "sha256": "34cdfaccbaad40856ae2668091d98670b6bfb45f51299374c25b6e7bf7463eef",
      "filesize": 1625570,
      "dep_types": ["Depends", "Imports", "LinkingTo"],
      "params": [],
      "install_args": "",
      "repotype": "cran",
      "sysreqs": ""
    },
    {
      "ref": "tensorA",
      "package": "tensorA",
      "version": "0.36.2.1",
      "type": "standard",
      "direct": false,
      "binary": true,
      "dependencies": [],
      "vignettes": false,
      "needscompilation": true,
      "metadata": {
        "RemoteType": "standard",
        "RemotePkgRef": "tensorA",
        "RemoteRef": "tensorA",
        "RemoteRepos": "https://packagemanager.posit.co/cran/latest",
        "RemotePkgPlatform": "i386+x86_64-w64-mingw32",
        "RemoteSha": "0.36.2.1"
      },
      "sources": ["https://packagemanager.posit.co/cran/latest/bin/windows/contrib/4.4/tensorA_0.36.2.1.zip"],
      "target": "bin/windows/contrib/4.4/tensorA_0.36.2.1.zip",
      "platform": "i386+x86_64-w64-mingw32",
      "rversion": "4.4",
      "built": "R 4.4.0; x86_64-w64-mingw32; 2024-03-30 01:23:16 UTC; windows",
      "directpkg": false,
      "license": "GPL (>= 2)",
      "sha256": "b1db2ca5cfba6f92500f9bc51852631d19e290e0b72b4bea0c224b0368afca27",
      "filesize": 228043,
      "dep_types": ["Depends", "Imports", "LinkingTo"],
      "params": [],
      "install_args": "",
      "repotype": "cran",
      "sysreqs": ""
    },
    {
      "ref": "tibble",
      "package": "tibble",
      "version": "3.3.0",
      "type": "standard",
      "direct": false,
      "binary": true,
      "dependencies": ["cli", "lifecycle", "magrittr", "pillar", "pkgconfig", "rlang", "vctrs"],
      "vignettes": false,
      "needscompilation": true,
      "metadata": {
        "RemoteType": "standard",
        "RemotePkgRef": "tibble",
        "RemoteRef": "tibble",
        "RemoteRepos": "https://packagemanager.posit.co/cran/latest",
        "RemotePkgPlatform": "i386+x86_64-w64-mingw32",
        "RemoteSha": "3.3.0"
      },
      "sources": ["https://packagemanager.posit.co/cran/latest/bin/windows/contrib/4.4/tibble_3.3.0.zip"],
      "target": "bin/windows/contrib/4.4/tibble_3.3.0.zip",
      "platform": "i386+x86_64-w64-mingw32",
      "rversion": "4.4",
      "built": "R 4.4.3; x86_64-w64-mingw32; 2025-06-08 23:51:15 UTC; windows",
      "directpkg": false,
      "license": "MIT + file LICENSE",
      "sha256": "18098915e6b6d111b334a11f31083d4fb1b3c5a1f8da5b831f7bc40355c07708",
      "filesize": 698313,
      "dep_types": ["Depends", "Imports", "LinkingTo"],
      "params": [],
      "install_args": "",
      "repotype": "cran",
      "sysreqs": ""
    },
    {
      "ref": "utf8",
      "package": "utf8",
      "version": "1.2.6",
      "type": "standard",
      "direct": false,
      "binary": true,
      "dependencies": [],
      "vignettes": false,
      "needscompilation": true,
      "metadata": {
        "RemoteType": "standard",
        "RemotePkgRef": "utf8",
        "RemoteRef": "utf8",
        "RemoteRepos": "https://packagemanager.posit.co/cran/latest",
        "RemotePkgPlatform": "i386+x86_64-w64-mingw32",
        "RemoteSha": "1.2.6"
      },
      "sources": ["https://packagemanager.posit.co/cran/latest/bin/windows/contrib/4.4/utf8_1.2.6.zip"],
      "target": "bin/windows/contrib/4.4/utf8_1.2.6.zip",
      "platform": "i386+x86_64-w64-mingw32",
      "rversion": "4.4",
      "built": "R 4.4.3; x86_64-w64-mingw32; 2025-06-08 23:50:53 UTC; windows",
      "directpkg": false,
      "license": "Apache License (== 2.0) | file LICENSE",
      "sha256": "778be49f0398e2766410b1550a44b289a24b2b6605b8cdbada28dfed35932fe6",
      "filesize": 154702,
      "dep_types": ["Depends", "Imports", "LinkingTo"],
      "params": [],
      "install_args": "",
      "repotype": "cran",
      "sysreqs": ""
    },
    {
      "ref": "vctrs",
      "package": "vctrs",
      "version": "0.6.5",
      "type": "standard",
      "direct": false,
      "binary": true,
      "dependencies": ["cli", "glue", "lifecycle", "rlang"],
      "vignettes": false,
      "needscompilation": true,
      "metadata": {
        "RemoteType": "standard",
        "RemotePkgRef": "vctrs",
        "RemoteRef": "vctrs",
        "RemoteRepos": "https://packagemanager.posit.co/cran/latest",
        "RemotePkgPlatform": "i386+x86_64-w64-mingw32",
        "RemoteSha": "0.6.5"
      },
      "sources": ["https://packagemanager.posit.co/cran/latest/bin/windows/contrib/4.4/vctrs_0.6.5.zip"],
      "target": "bin/windows/contrib/4.4/vctrs_0.6.5.zip",
      "platform": "i386+x86_64-w64-mingw32",
      "rversion": "4.4",
      "built": "R 4.4.0; x86_64-w64-mingw32; 2024-04-01 01:31:25 UTC; windows",
      "directpkg": false,
      "license": "MIT + file LICENSE",
      "sha256": "c392aa8fc5c4b94814c08015908ffd2bd249767887cd336f9fb2aa592587035a",
      "filesize": 1358793,
      "dep_types": ["Depends", "Imports", "LinkingTo"],
      "params": [],
      "install_args": "",
      "repotype": "cran",
      "sysreqs": ""
    },
    {
      "ref": "withr",
      "package": "withr",
      "version": "3.0.2",
      "type": "standard",
      "direct": false,
      "binary": true,
      "dependencies": [],
      "vignettes": false,
      "needscompilation": false,
      "metadata": {
        "RemoteType": "standard",
        "RemotePkgRef": "withr",
        "RemoteRef": "withr",
        "RemoteRepos": "https://packagemanager.posit.co/cran/latest",
        "RemotePkgPlatform": "i386+x86_64-w64-mingw32",
        "RemoteSha": "3.0.2"
      },
      "sources": ["https://packagemanager.posit.co/cran/latest/bin/windows/contrib/4.4/withr_3.0.2.zip"],
      "target": "bin/windows/contrib/4.4/withr_3.0.2.zip",
      "platform": "i386+x86_64-w64-mingw32",
      "rversion": "4.4",
      "built": "R 4.4.1; ; 2024-10-31 05:26:27 UTC; windows",
      "directpkg": false,
      "license": "MIT + file LICENSE",
      "sha256": "27b4f28df9dc8bd9021fad04cc47f11692f09757229465bfc7b44ef2150d2777",
      "filesize": 231365,
      "dep_types": ["Depends", "Imports", "LinkingTo"],
      "params": [],
      "install_args": "",
      "repotype": "cran",
      "sysreqs": ""
    }
  ]
}
